
Microsoft Visual Studio Solution File, Format Version 12.00
# Visual Studio Version 17
VisualStudioVersion = 17.12.35424.110 d17.12
MinimumVisualStudioVersion = 10.0.40219.1
Project("{FAE04EC0-301F-11D3-BF4B-00C04F79EFBC}") = "Entity9Blog", "Entity9Blog\Entity9Blog.csproj", "{D113CBC1-AA3C-41AA-BA68-9DBB874F67F6}"
EndProject
Project("{FAE04EC0-301F-11D3-BF4B-00C04F79EFBC}") = "DAL", "DAL\DAL.csproj", "{470B6A8D-5555-4556-BDC0-A8CA9A052F45}"
EndProject
Global
	GlobalSection(SolutionConfigurationPlatforms) = preSolution
		Debug|Any CPU = Debug|Any CPU
		Release|Any CPU = Release|Any CPU
	EndGlobalSection
	GlobalSection(ProjectConfigurationPlatforms) = postSolution
		{D113CBC1-AA3C-41AA-BA68-9DBB874F67F6}.Debug|Any CPU.ActiveCfg = Debug|Any CPU
		{D113CBC1-AA3C-41AA-BA68-9DBB874F67F6}.Debug|Any CPU.Build.0 = Debug|Any CPU
		{D113CBC1-AA3C-41AA-BA68-9DBB874F67F6}.Release|Any CPU.ActiveCfg = Release|Any CPU
		{D113CBC1-AA3C-41AA-BA68-9DBB874F67F6}.Release|Any CPU.Build.0 = Release|Any CPU
		{470B6A8D-5555-4556-BDC0-A8CA9A052F45}.Debug|Any CPU.ActiveCfg = Debug|Any CPU
		{470B6A8D-5555-4556-BDC0-A8CA9A052F45}.Debug|Any CPU.Build.0 = Debug|Any CPU
		{470B6A8D-5555-4556-BDC0-A8CA9A052F45}.Release|Any CPU.ActiveCfg = Release|Any CPU
		{470B6A8D-5555-4556-BDC0-A8CA9A052F45}.Release|Any CPU.Build.0 = Release|Any CPU
	EndGlobalSection
	GlobalSection(SolutionProperties) = preSolution
		HideSolutionNode = FALSE
	EndGlobalSection
EndGlobal
